
Microsoft Visual Studio Solution File, Format Version 12.00
# Visual Studio Version 16
VisualStudioVersion = 16.0.30804.86
MinimumVisualStudioVersion = 10.0.40219.1
Project("{FAE04EC0-301F-11D3-BF4B-00C04F79EFBC}") = "RazorPagesPractical", "RazorPagePractical\RazorPagesPractical.csproj", "{04EEEE44-55B8-41FB-84C9-C6AFED7073BD}"
EndProject
Project("{FAE04EC0-301F-11D3-BF4B-00C04F79EFBC}") = "RazorPagesPractical.Models", "RazorPagesPractical.Models\RazorPagesPractical.Models.csproj", "{40B2086F-802F-4DD2-B006-6B0BBB786DBE}"
EndProject
Project("{FAE04EC0-301F-11D3-BF4B-00C04F79EFBC}") = "RazorPagesPractical.Services", "RazorPagesPractical.Services\RazorPagesPractical.Services.csproj", "{0567DEA1-20AA-4497-98D2-4A42946722A5}"
EndProject
Global
	GlobalSection(SolutionConfigurationPlatforms) = preSolution
		Debug|Any CPU = Debug|Any CPU
		Release|Any CPU = Release|Any CPU
	EndGlobalSection
	GlobalSection(ProjectConfigurationPlatforms) = postSolution
		{04EEEE44-55B8-41FB-84C9-C6AFED7073BD}.Debug|Any CPU.ActiveCfg = Debug|Any CPU
		{04EEEE44-55B8-41FB-84C9-C6AFED7073BD}.Debug|Any CPU.Build.0 = Debug|Any CPU
		{04EEEE44-55B8-41FB-84C9-C6AFED7073BD}.Release|Any CPU.ActiveCfg = Release|Any CPU
		{04EEEE44-55B8-41FB-84C9-C6AFED7073BD}.Release|Any CPU.Build.0 = Release|Any CPU
		{40B2086F-802F-4DD2-B006-6B0BBB786DBE}.Debug|Any CPU.ActiveCfg = Debug|Any CPU
		{40B2086F-802F-4DD2-B006-6B0BBB786DBE}.Debug|Any CPU.Build.0 = Debug|Any CPU
		{40B2086F-802F-4DD2-B006-6B0BBB786DBE}.Release|Any CPU.ActiveCfg = Release|Any CPU
		{40B2086F-802F-4DD2-B006-6B0BBB786DBE}.Release|Any CPU.Build.0 = Release|Any CPU
		{0567DEA1-20AA-4497-98D2-4A42946722A5}.Debug|Any CPU.ActiveCfg = Debug|Any CPU
		{0567DEA1-20AA-4497-98D2-4A42946722A5}.Debug|Any CPU.Build.0 = Debug|Any CPU
		{0567DEA1-20AA-4497-98D2-4A42946722A5}.Release|Any CPU.ActiveCfg = Release|Any CPU
		{0567DEA1-20AA-4497-98D2-4A42946722A5}.Release|Any CPU.Build.0 = Release|Any CPU
	EndGlobalSection
	GlobalSection(SolutionProperties) = preSolution
		HideSolutionNode = FALSE
	EndGlobalSection
	GlobalSection(ExtensibilityGlobals) = postSolution
		SolutionGuid = {9E803925-E775-4E33-8FD9-2539DF6F04CD}
	EndGlobalSection
EndGlobal
